# This file is generated by running "yarn install" inside your project.
# Manual changes might be lost - proceed with caution!

__metadata:
  version: 4
  cacheKey: 7

"@humwrk/humwrk@workspace:.":
  version: 0.0.0-use.local
  resolution: "@humwrk/humwrk@workspace:."
  dependencies:
    "@types/node": ^14.14.16
    fastify: ^3.9.2
    prettier: ^2.2.1
    typescript: ^4.1.3
  languageName: unknown
  linkType: soft

"@types/node@npm:^14.14.16":
  version: 14.14.16
  resolution: "@types/node@npm:14.14.16"
  checksum: 220a7496ec73861ad7fb4ae762618bb46ac9d5d5f92f3a2fcebfd1a81a509ff558eface7bcd1d632598a8a28f856a74b324e7165918e8334a59c221cb06d15e3
  languageName: node
  linkType: hard

"abstract-logging@npm:^2.0.0":
  version: 2.0.1
  resolution: "abstract-logging@npm:2.0.1"
  checksum: 1c43af55808a983a44b4c6b35dd718045694b4ce8d51cf1d62ed38458bbc0dc096b8bffece56c76650c02b3e0692684b78402ee9a31e5aa322162321d6f88a7c
  languageName: node
  linkType: hard

"ajv@npm:^6.11.0, ajv@npm:^6.12.2":
  version: 6.12.6
  resolution: "ajv@npm:6.12.6"
  dependencies:
    fast-deep-equal: ^3.1.1
    fast-json-stable-stringify: ^2.0.0
    json-schema-traverse: ^0.4.1
    uri-js: ^4.2.2
  checksum: 19a8f3b0a06001eb68e6268f4f9f04424b32baadd5df6ba8292cd473e22e5f4019ed9ab17c3e3510394178ed8bef9b42ad0bdb5c675d65f042421a774780ce1a
  languageName: node
  linkType: hard

"archy@npm:^1.0.0":
  version: 1.0.0
  resolution: "archy@npm:1.0.0"
  checksum: fed06a0487f79dd89f30a8558f3e8f88011025ded47b10e412a4fc8f842a4ddec6e51af5a117258f5b84bef587cff7d1e056df4f453a7d8752a46e25bf5be7dc
  languageName: node
  linkType: hard

"atomic-sleep@npm:^1.0.0":
  version: 1.0.0
  resolution: "atomic-sleep@npm:1.0.0"
  checksum: 2c6fa68cafef5ec1501245da00cde40b8f7ac71428bd727a923ea883b81ad643667a85677056cd663ad3ca584a49dbeb3a1bd4e6c70c1e9e36afd71b6e36ef96
  languageName: node
  linkType: hard

"avvio@npm:^7.1.2":
  version: 7.2.0
  resolution: "avvio@npm:7.2.0"
  dependencies:
    archy: ^1.0.0
    debug: ^4.0.0
    fastq: ^1.6.1
    queue-microtask: ^1.1.2
  checksum: 653d18238e952975a37eb86080d061f7ece9182a73094bf719571fe79f79cb22dad999d4e21036bcfa3e19047fe7d0f9fd981bc588ec463edd7cf98cd6d6e61f
  languageName: node
  linkType: hard

"cookie@npm:^0.4.0":
  version: 0.4.1
  resolution: "cookie@npm:0.4.1"
  checksum: b8e0928e3e7aba013087974b33a6eec730b0a68b7ec00fc3c089a56ba2883bcf671252fc2ed64775aa1ca64796b6e1f6fdddba25a66808aef77614d235fd3e06
  languageName: node
  linkType: hard

"debug@npm:^4.0.0":
  version: 4.3.2
  resolution: "debug@npm:4.3.2"
  dependencies:
    ms: 2.1.2
  peerDependenciesMeta:
    supports-color:
      optional: true
  checksum: 5543570879e2274f6725d4285a034d6e0822d35faefc6f55965933fb440e8c21eb3a0bef934e66f4b6b491f898ee2de37cab980e9d4fd61372136c19d3ce4527
  languageName: node
  linkType: hard

"deepmerge@npm:^4.2.2":
  version: 4.2.2
  resolution: "deepmerge@npm:4.2.2"
  checksum: 85abf8e0045ee280996e7d2396979c877ef0741e413b716e42441110e0a83ac08098b2a49cea035510060bf667c0eae3189b2a52349f5fa4b000c211041637b1
  languageName: node
  linkType: hard

"fast-decode-uri-component@npm:^1.0.1":
  version: 1.0.1
  resolution: "fast-decode-uri-component@npm:1.0.1"
  checksum: cb3186565330299464f409745086404098127b834b3e8576ae90f3733cf6bf3ea1831e0e5c802c8b2263af0ac1ecf8aaeb99bc34bb4a935496b3318bb60ef3a1
  languageName: node
  linkType: hard

"fast-deep-equal@npm:^3.1.1":
  version: 3.1.3
  resolution: "fast-deep-equal@npm:3.1.3"
  checksum: 451526766b219503131d11e823eaadd1533080b0be4860e316670b039dcaf31cd1007c2fe036a9b922abba7c040dfad5e942ed79d21f2ff849e50049f36e0fb7
  languageName: node
  linkType: hard

"fast-json-stable-stringify@npm:^2.0.0":
  version: 2.1.0
  resolution: "fast-json-stable-stringify@npm:2.1.0"
  checksum: 7df3fabfe445d65953b2d9d9d3958bd895438b215a40fb87dae8b2165c5169a897785eb5d51e6cf0eb03523af756e3d82ea01083f6ac6341fe16db532fee3016
  languageName: node
  linkType: hard

"fast-json-stringify@npm:^2.2.1":
  version: 2.3.0
  resolution: "fast-json-stringify@npm:2.3.0"
  dependencies:
    ajv: ^6.11.0
    deepmerge: ^4.2.2
    string-similarity: ^4.0.1
  checksum: b5994375752e6fe3175f2e47647f6374a17e8082f2b23a3bbe4358d00d87ea2a4fe2ad037a8116b727e01908f48c952d67b1330d76d502725b31724c18c071b8
  languageName: node
  linkType: hard

"fast-redact@npm:^3.0.0":
  version: 3.0.0
  resolution: "fast-redact@npm:3.0.0"
  checksum: 5a1a724f4b786c194117f322262440426a03996b1b8851b0e390392770ac2b6ab9037b2ef4b23d8eb7043cbdc7092b37926774a82f794f6179e9087fab44ee49
  languageName: node
  linkType: hard

"fast-safe-stringify@npm:^2.0.7":
  version: 2.0.7
  resolution: "fast-safe-stringify@npm:2.0.7"
  checksum: 7bd22543263b707870d70c6f2336b6e8563e34d6807dc388cc0566895e31e0a8273af017a7eb1c9538d0ef54288284e1c0585b557bd856491295a847159fd929
  languageName: node
  linkType: hard

"fastify-error@npm:^0.2.0":
  version: 0.2.0
  resolution: "fastify-error@npm:0.2.0"
  checksum: b7541e6f1e26a4db5ab7d565969c59f5f8d398555ed393b23a6395370c2594e42b118a9d916626309e23e41ea5bc1e96b30bdc86e5f7b52b2e68f246d2a4cbc3
  languageName: node
  linkType: hard

"fastify-warning@npm:^0.2.0":
  version: 0.2.0
  resolution: "fastify-warning@npm:0.2.0"
  checksum: 17b9e2ffdfbfd40486f3395e4c33a8f997c9d23c3201624eed5596f3e3dcd3d5bf4f0c18b3bf7c32f3e80d1d573df9d59bc5c179fcfe5de52a1baa64934a54cf
  languageName: node
  linkType: hard

"fastify@npm:^3.9.2":
  version: 3.9.2
  resolution: "fastify@npm:3.9.2"
  dependencies:
    abstract-logging: ^2.0.0
    ajv: ^6.12.2
    avvio: ^7.1.2
    fast-json-stringify: ^2.2.1
    fastify-error: ^0.2.0
    fastify-warning: ^0.2.0
    find-my-way: ^3.0.5
    flatstr: ^1.0.12
    light-my-request: ^4.2.0
    pino: ^6.2.1
    proxy-addr: ^2.0.5
    readable-stream: ^3.4.0
    rfdc: ^1.1.4
    secure-json-parse: ^2.0.0
    semver: ^7.3.2
    tiny-lru: ^7.0.0
  checksum: 9ff64d7e71079811e101f4e46b51a4d7d6b0130ada0778c4a539ba0bc4fa7d854e98d99ef965c34b47ca1e3751c49961b0a8e8d08fae73e99a4d821f1d40d045
  languageName: node
  linkType: hard

"fastq@npm:^1.6.1":
  version: 1.10.0
  resolution: "fastq@npm:1.10.0"
  dependencies:
    reusify: ^1.0.4
  checksum: 706546e7fb2fbb5dbc98df821abfa258e93a1162663af6f1e491207229e91a72c7391920e9567a8b02d342e01d670ffbbee2ebb5f034993080ac9fa9895e3b2f
  languageName: node
  linkType: hard

"find-my-way@npm:^3.0.5":
  version: 3.0.5
  resolution: "find-my-way@npm:3.0.5"
  dependencies:
    fast-decode-uri-component: ^1.0.1
    safe-regex2: ^2.0.0
    semver-store: ^0.3.0
  checksum: 95b9cd5974ef4092b2e28235c6ee0e9706fd10b8635ce78e332bd65818177788502c1d126a2865c662f6e387fba0e7e43002d10d501ead5f6877d56e0fb69c1b
  languageName: node
  linkType: hard

"flatstr@npm:^1.0.12":
  version: 1.0.12
  resolution: "flatstr@npm:1.0.12"
  checksum: 2803767f91887ffd60ac2aac0d6ccf2dd9e2d8f216628a73e3f525d5b5bfa4ac9a5b57334a4c1e6d5622f92f440c52562f7ca9719ace9d025d6c5b7a1a1579db
  languageName: node
  linkType: hard

"forwarded@npm:~0.1.2":
  version: 0.1.2
  resolution: "forwarded@npm:0.1.2"
  checksum: 568d862ad1c514813fc62dc1bd58b8669b16d4ee2e634a6fc71f4849df798883ab94e63d8e1b35a17af51b2b39ca869e672c7310efe42fc7b9bad43a80b5ff87
  languageName: node
  linkType: hard

"inherits@npm:^2.0.3":
  version: 2.0.4
  resolution: "inherits@npm:2.0.4"
  checksum: 98426da247ddfc3dcd7d7daedd90c3ca32d5b08deca08949726f12d49232aef94772a07b36cf4ff833e105ae2ef931777f6de4a6dd8245a216b9299ad4a50bea
  languageName: node
  linkType: hard

"ipaddr.js@npm:1.9.1":
  version: 1.9.1
  resolution: "ipaddr.js@npm:1.9.1"
  checksum: de15bc7e63973d960abc43c9fbbf19589c726774f59d157d1b29382a1e86ae87c68cbd8b5c78a1712a87fc4fcd91e10762c7671950c66a1a19040ff4fd2f9c9b
  languageName: node
  linkType: hard

"json-schema-traverse@npm:^0.4.1":
  version: 0.4.1
  resolution: "json-schema-traverse@npm:0.4.1"
  checksum: 6f71bddba38aa043cf9c05ff9cf37158a6657909f1dd37032ba164b76923da47a17bb4592ee4f7f9c029dfaf26965b821ac214c1f991bb3bd038c9cfea2da50b
  languageName: node
  linkType: hard

"light-my-request@npm:^4.2.0":
  version: 4.4.1
  resolution: "light-my-request@npm:4.4.1"
  dependencies:
    ajv: ^6.12.2
    cookie: ^0.4.0
    fastify-warning: ^0.2.0
    readable-stream: ^3.6.0
    set-cookie-parser: ^2.4.1
  checksum: 3c095d268c3f797c8b69e44ef3d24e149aed2116e58b696144eecd975814ca50693603d04c6d50f462f736483fbc9b1e02a4c0a6c658964fea442493e28cd191
  languageName: node
  linkType: hard

"lru-cache@npm:^6.0.0":
  version: 6.0.0
  resolution: "lru-cache@npm:6.0.0"
  dependencies:
    yallist: ^4.0.0
  checksum: b8b78353d2391c0f135cdc245c4744ad41c2efb1a6d98f31bc57a2cf48ebf02de96e4876657c3026673576bf1f1f61fc3fdd77ab00ad1ead737537bf17d8019d
  languageName: node
  linkType: hard

"ms@npm:2.1.2":
  version: 2.1.2
  resolution: "ms@npm:2.1.2"
  checksum: 9b65fb709bc30c0c07289dcbdb61ca032acbb9ea5698b55fa62e2cebb04c5953f1876a1f3f7f4bc2e91d4bf4d86003f3e207c3bc6ee2f716f99827e62389cd0e
  languageName: node
  linkType: hard

"pino-std-serializers@npm:^2.4.2":
  version: 2.5.0
  resolution: "pino-std-serializers@npm:2.5.0"
  checksum: c7605e6b9dd3b2e6898059da0bca93277ed9139f0b884d9f7c922f22f011ba4a930389a71728e7c682ee5c3bf786aa67a90f10b1eb8eadc0467c5b78883a43bc
  languageName: node
  linkType: hard

"pino@npm:^6.2.1":
  version: 6.8.0
  resolution: "pino@npm:6.8.0"
  dependencies:
    fast-redact: ^3.0.0
    fast-safe-stringify: ^2.0.7
    flatstr: ^1.0.12
    pino-std-serializers: ^2.4.2
    quick-format-unescaped: ^4.0.1
    sonic-boom: ^1.0.2
  bin:
    pino: bin.js
  checksum: 6e1721fe8a250d2e2158e6aaa36396737d511928bebb9c0e90f692d0fc401458234b7063f0cef485f5e1c2b44441e14f96bf42d57eefa4015b61c2dd37bce67d
  languageName: node
  linkType: hard

"prettier@npm:^2.2.1":
  version: 2.2.1
  resolution: "prettier@npm:2.2.1"
  bin:
    prettier: bin-prettier.js
  checksum: 92c6c9f4b87eba1f28466edee57dd18c80d00b858edda77d46d1950d20e6e302b68ee255fc91133ba931e63c4577b5ae30da194d9626a8f3c0177778b91bf056
  languageName: node
  linkType: hard

"proxy-addr@npm:^2.0.5":
  version: 2.0.6
  resolution: "proxy-addr@npm:2.0.6"
  dependencies:
    forwarded: ~0.1.2
    ipaddr.js: 1.9.1
  checksum: a7dcfd70258cdc3b73c5dc4a35c73db9857f3bf4cf5e6404380e8ea558f8c5569147e721a01195d00b450e36b4dde727fc9d22fdea14310ba38faa595530cd58
  languageName: node
  linkType: hard

"punycode@npm:^2.1.0":
  version: 2.1.1
  resolution: "punycode@npm:2.1.1"
  checksum: 0202dc191cb35bfd88870ac99a1e824b03486d4cee20b543ef337a6dee8d8b11017da32a3e4c40b69b19976e982c030b62bd72bba42884acb691bc5ef91354c8
  languageName: node
  linkType: hard

"queue-microtask@npm:^1.1.2":
  version: 1.2.2
  resolution: "queue-microtask@npm:1.2.2"
  checksum: 563abf1b1d0916842c017a4c0784fffebd0dd7d5685ffd65356dfee8f084e34e2a9b449aa788dddb2767f7dc79d1834545bb75f8f643b8aa85aea20a9efabbec
  languageName: node
  linkType: hard

"quick-format-unescaped@npm:^4.0.1":
  version: 4.0.1
  resolution: "quick-format-unescaped@npm:4.0.1"
  checksum: 0935e55e0aaaf789baa080768e822694bc0a497a3170fd35bf2b1aee2a953cf3b5a24e9d29a70dbe7bdc72534c6e1be917ab5c599d587ce0425c98293d8cc1c7
  languageName: node
  linkType: hard

"readable-stream@npm:^3.4.0, readable-stream@npm:^3.6.0":
  version: 3.6.0
  resolution: "readable-stream@npm:3.6.0"
  dependencies:
    inherits: ^2.0.3
    string_decoder: ^1.1.1
    util-deprecate: ^1.0.1
  checksum: f178b1daa80d9e58ebba71dbb08486430aa6f0dea3a22a1b7401f3f6983077d0bc0edea43099db06b8d006c9ad48d6383e8fb72c05d5b187670aeaf1b9b44f00
  languageName: node
  linkType: hard

"ret@npm:~0.2.0":
  version: 0.2.2
  resolution: "ret@npm:0.2.2"
  checksum: ad260291ff71343d443016b7c6ba0831dd9a51201e621ac8cfc19ab3491ffab41d2b5e4e3a3def06568a665b37a901921f51739c5012c093f2d8582f2d39f3de
  languageName: node
  linkType: hard

"reusify@npm:^1.0.4":
  version: 1.0.4
  resolution: "reusify@npm:1.0.4"
  checksum: 08ef02ed0514f020a51131ba2e6c27c66ccebe25d49cfc83467a0d4054db4634a2853480d0895c710b645ab66af1a6fb3e183888306ae559413bd96c69f39ccd
  languageName: node
  linkType: hard

"rfdc@npm:^1.1.4":
  version: 1.1.4
  resolution: "rfdc@npm:1.1.4"
  checksum: 40a3a89d87a4398df94aa6210b1e51cab9351ddc6e486290ff0477e2b72e2c9e36b281ecebcb2655ad8c9ab71db3717d2e25e3f97fadd54cc02d1d9bd2ccf76e
  languageName: node
  linkType: hard

"safe-buffer@npm:~5.2.0":
  version: 5.2.1
  resolution: "safe-buffer@npm:5.2.1"
  checksum: 0bb57f0d8f9d1fa4fe35ad8a2db1f83a027d48f2822d59ede88fd5cd4ddad83c0b497213feb7a70fbf90597a70c5217f735b0eb1850df40ce9b4ae81dd22b3f9
  languageName: node
  linkType: hard

"safe-regex2@npm:^2.0.0":
  version: 2.0.0
  resolution: "safe-regex2@npm:2.0.0"
  dependencies:
    ret: ~0.2.0
  checksum: 7557097314b77a5d1405486ff9bed7a4d745b657b21a7242c7a9bbf9d7364d6329a603c6f6428d2037b339acf95c99e19808a9904ebfe92ce0525fa199d950d3
  languageName: node
  linkType: hard

"secure-json-parse@npm:^2.0.0":
  version: 2.1.0
  resolution: "secure-json-parse@npm:2.1.0"
  checksum: 1d5327c1ecabc99678620e0c005a3e9d08ff0b2d8b8aef8ba8242b39e0cb17984453dfcf1967bde072c010a4e9f02a3abb1c186f56c0bbd39654a0ee247b77dd
  languageName: node
  linkType: hard

"semver-store@npm:^0.3.0":
  version: 0.3.0
  resolution: "semver-store@npm:0.3.0"
  checksum: 13ca89d1f480425ee362834406cebb3274e6c47c7f1104a144b738dae5877063a55b02fa955bfc276c1e53aa3fd1ac82f78e85ba2b312371d569ef5d4723bfe5
  languageName: node
  linkType: hard

"semver@npm:^7.3.2":
  version: 7.3.4
  resolution: "semver@npm:7.3.4"
  dependencies:
    lru-cache: ^6.0.0
  bin:
    semver: bin/semver.js
  checksum: f2c7f9aeb976d1484b2f39aa7afc8332a1d21fd32ca4a6fbf650e1423455ebf3e7029f6e2e7ba0cd71935b85942521f1ec25b6cc2c031b953c8ca4ff2d7a823d
  languageName: node
  linkType: hard

"set-cookie-parser@npm:^2.4.1":
  version: 2.4.6
  resolution: "set-cookie-parser@npm:2.4.6"
  checksum: 6eff809c7139583bb361a659b7916a44f713b3503acc13c5c35fb5a9384a355a12758db1604d642292550f3c1cdccd718ae46d1e960f20a1074d9b12567cfc79
  languageName: node
  linkType: hard

"sonic-boom@npm:^1.0.2":
  version: 1.3.0
  resolution: "sonic-boom@npm:1.3.0"
  dependencies:
    atomic-sleep: ^1.0.0
    flatstr: ^1.0.12
  checksum: 5e95b1e013db5fde0d5c99d25baaa5b6e79be4f8a5d63c62e0b4865c868fbb79a0bd4c637180976047550d211527545555dd8f3e1d9fefe6a6f63639b21d021c
  languageName: node
  linkType: hard

"string-similarity@npm:^4.0.1":
  version: 4.0.3
  resolution: "string-similarity@npm:4.0.3"
  checksum: 739e07842747c6646a28a203ed738e954128c55fc0a9f8fbb31bdb9bda890b2250d80669ba7f9502104d7f471f937daeed8974ed3b078968e291c8ce3b24c332
  languageName: node
  linkType: hard

"string_decoder@npm:^1.1.1":
  version: 1.3.0
  resolution: "string_decoder@npm:1.3.0"
  dependencies:
    safe-buffer: ~5.2.0
  checksum: 0a09afb610cb538707fcf0a50a080f159040529eabdba82f23b04f1d1f90adf9ba18cc3800231c6ab2ee55dece047f4bed87c56da52b2afd85c3c7fb73eb7e48
  languageName: node
  linkType: hard

"tiny-lru@npm:^7.0.0":
  version: 7.0.6
  resolution: "tiny-lru@npm:7.0.6"
  checksum: 9fb221279eee2747e20511ce9d4cc080527b6c44f835b867d5f02e136fe0e34f0c10348af7e22c56420ffb69636ac042eb4ffead90dd8d80a7b6368be30f112a
  languageName: node
  linkType: hard

typescript@^4.1.3:
  version: 4.1.3
  resolution: "typescript@npm:4.1.3"
  bin:
    tsc: bin/tsc
    tsserver: bin/tsserver
  checksum: 4f7ab1506ea22c7a1c313ec5b4285e93ce08d709ad6086d02d3096adb399ca339972ee56d1e578213c51dd0fb7b0fad50283c2d3c39642405644458ae29774f8
  languageName: node
  linkType: hard

"typescript@patch:typescript@^4.1.3#builtin<compat/typescript>":
  version: 4.1.3
  resolution: "typescript@patch:typescript@npm%3A4.1.3#builtin<compat/typescript>::version=4.1.3&hash=cc6730"
  bin:
    tsc: bin/tsc
    tsserver: bin/tsserver
  checksum: 017af992148346e671d5b83b041773825888e9c94db8d2b9472cdbb6d6f0ee85927817473121524d319f8be6ffe5a6904d27ff6ef21356d2274fcadd52e17938
  languageName: node
  linkType: hard

"uri-js@npm:^4.2.2":
  version: 4.4.0
  resolution: "uri-js@npm:4.4.0"
  dependencies:
    punycode: ^2.1.0
  checksum: 970577344101f43aa64d1e6ab7f78ff0371df0ff7731de66da268125c2703e7bf70693afd0b76c96325e247466b49b4b081d9f54339e9520b2b9c02b598542a6
  languageName: node
  linkType: hard

"util-deprecate@npm:^1.0.1":
  version: 1.0.2
  resolution: "util-deprecate@npm:1.0.2"
  checksum: 73c2b1cf0210ccac300645384d8443cabbd93194117b2dc1b3bae8d8279ad39aedac857e020c4ea505e96a1045059c7359db3df6a9df0be6b8584166c9d61dc9
  languageName: node
  linkType: hard

"yallist@npm:^4.0.0":
  version: 4.0.0
  resolution: "yallist@npm:4.0.0"
  checksum: a2960ef879af6ee67a76cae29bac9d8bffeb6e9e366c217dbd21464e7fce071933705544724f47e90ba5209cf9c83c17d5582dd04415d86747a826b2a231efb8
  languageName: node
  linkType: hard
